
Microsoft Visual Studio Solution File, Format Version 12.00
# Visual Studio 15
VisualStudioVersion = 15.0.28010.2036
MinimumVisualStudioVersion = 10.0.40219.1
Project("{FAE04EC0-301F-11D3-BF4B-00C04F79EFBC}") = "kdubois1_MVC_Music", "kdubois1_MVC_Music\kdubois1_MVC_Music.csproj", "{B8CEDE95-AA74-4F5F-9737-588F68789BA7}"
EndProject
Global
	GlobalSection(SolutionConfigurationPlatforms) = preSolution
		Debug|Any CPU = Debug|Any CPU
		Release|Any CPU = Release|Any CPU
	EndGlobalSection
	GlobalSection(ProjectConfigurationPlatforms) = postSolution
		{B8CEDE95-AA74-4F5F-9737-588F68789BA7}.Debug|Any CPU.ActiveCfg = Debug|Any CPU
		{B8CEDE95-AA74-4F5F-9737-588F68789BA7}.Debug|Any CPU.Build.0 = Debug|Any CPU
		{B8CEDE95-AA74-4F5F-9737-588F68789BA7}.Release|Any CPU.ActiveCfg = Release|Any CPU
		{B8CEDE95-AA74-4F5F-9737-588F68789BA7}.Release|Any CPU.Build.0 = Release|Any CPU
	EndGlobalSection
	GlobalSection(SolutionProperties) = preSolution
		HideSolutionNode = FALSE
	EndGlobalSection
	GlobalSection(ExtensibilityGlobals) = postSolution
		SolutionGuid = {8F31EA66-197E-4987-9ECC-F7F15D892381}
	EndGlobalSection
EndGlobal
